{
  "name": "chiffra-contracts",
  "version": "0.1.0",
  "lockfileVersion": 3,
  "requires": true,
  "packages": {
    "": {
      "name": "chiffra-contracts",
      "version": "0.1.0",
      "dependencies": { "zod": "4.1.12" },
      "devDependencies": { "typescript": "5.9.3" }
    },
    "node_modules/typescript": {
      "version": "5.9.3",
      "resolved": "https://registry.npmjs.org/typescript/-/typescript-5.9.3.tgz",
      "dev": true,
      "bin": { "tsc": "bin/tsc", "tsserver": "bin/tsserver" },
      "engines": { "node": ">=14.17" }
    },
    "node_modules/zod": {
      "version": "4.1.12",
      "resolved": "https://registry.npmjs.org/zod/-/zod-4.1.12.tgz",
      "funding": "https://github.com/sponsors/colinhacks"
    }
  }
}
